
Microsoft Visual Studio Solution File, Format Version 12.00
# Visual Studio Version 17
VisualStudioVersion = 17.1.32228.430
MinimumVisualStudioVersion = 10.0.40219.1
Project("{FAE04EC0-301F-11D3-BF4B-00C04F79EFBC}") = "Entities", "Entities\Entities.csproj", "{8988CF81-11B2-4742-9612-1642A6A34238}"
EndProject
Project("{FAE04EC0-301F-11D3-BF4B-00C04F79EFBC}") = "DataAccess", "DataAccess\DataAccess.csproj", "{44A670A6-79FB-422E-B6E0-51D384012D12}"
EndProject
Project("{FAE04EC0-301F-11D3-BF4B-00C04F79EFBC}") = "Bussiness", "Bussiness\Bussiness.csproj", "{7F08F5DB-7868-402C-AF74-FCDDAF1B7A82}"
EndProject
Project("{FAE04EC0-301F-11D3-BF4B-00C04F79EFBC}") = "Core", "Core\Core.csproj", "{03134823-2908-4132-914A-5BF8B75D158C}"
EndProject
Project("{FAE04EC0-301F-11D3-BF4B-00C04F79EFBC}") = "MVC_UI", "MVC_UI\MVC_UI.csproj", "{F4C67250-2E8E-45EC-92DB-AFD21AE4AFD9}"
EndProject
Global
	GlobalSection(SolutionConfigurationPlatforms) = preSolution
		Debug|Any CPU = Debug|Any CPU
		Release|Any CPU = Release|Any CPU
	EndGlobalSection
	GlobalSection(ProjectConfigurationPlatforms) = postSolution
		{8988CF81-11B2-4742-9612-1642A6A34238}.Debug|Any CPU.ActiveCfg = Debug|Any CPU
		{8988CF81-11B2-4742-9612-1642A6A34238}.Debug|Any CPU.Build.0 = Debug|Any CPU
		{8988CF81-11B2-4742-9612-1642A6A34238}.Release|Any CPU.ActiveCfg = Release|Any CPU
		{8988CF81-11B2-4742-9612-1642A6A34238}.Release|Any CPU.Build.0 = Release|Any CPU
		{44A670A6-79FB-422E-B6E0-51D384012D12}.Debug|Any CPU.ActiveCfg = Debug|Any CPU
		{44A670A6-79FB-422E-B6E0-51D384012D12}.Debug|Any CPU.Build.0 = Debug|Any CPU
		{44A670A6-79FB-422E-B6E0-51D384012D12}.Release|Any CPU.ActiveCfg = Release|Any CPU
		{44A670A6-79FB-422E-B6E0-51D384012D12}.Release|Any CPU.Build.0 = Release|Any CPU
		{7F08F5DB-7868-402C-AF74-FCDDAF1B7A82}.Debug|Any CPU.ActiveCfg = Debug|Any CPU
		{7F08F5DB-7868-402C-AF74-FCDDAF1B7A82}.Debug|Any CPU.Build.0 = Debug|Any CPU
		{7F08F5DB-7868-402C-AF74-FCDDAF1B7A82}.Release|Any CPU.ActiveCfg = Release|Any CPU
		{7F08F5DB-7868-402C-AF74-FCDDAF1B7A82}.Release|Any CPU.Build.0 = Release|Any CPU
		{03134823-2908-4132-914A-5BF8B75D158C}.Debug|Any CPU.ActiveCfg = Debug|Any CPU
		{03134823-2908-4132-914A-5BF8B75D158C}.Debug|Any CPU.Build.0 = Debug|Any CPU
		{03134823-2908-4132-914A-5BF8B75D158C}.Release|Any CPU.ActiveCfg = Release|Any CPU
		{03134823-2908-4132-914A-5BF8B75D158C}.Release|Any CPU.Build.0 = Release|Any CPU
		{F4C67250-2E8E-45EC-92DB-AFD21AE4AFD9}.Debug|Any CPU.ActiveCfg = Debug|Any CPU
		{F4C67250-2E8E-45EC-92DB-AFD21AE4AFD9}.Debug|Any CPU.Build.0 = Debug|Any CPU
		{F4C67250-2E8E-45EC-92DB-AFD21AE4AFD9}.Release|Any CPU.ActiveCfg = Release|Any CPU
		{F4C67250-2E8E-45EC-92DB-AFD21AE4AFD9}.Release|Any CPU.Build.0 = Release|Any CPU
	EndGlobalSection
	GlobalSection(SolutionProperties) = preSolution
		HideSolutionNode = FALSE
	EndGlobalSection
	GlobalSection(ExtensibilityGlobals) = postSolution
		SolutionGuid = {01D67A83-0868-4F9D-BAFC-4ACA7EFA2996}
	EndGlobalSection
EndGlobal
